// !$*UTF8*$!
{
	archiveVersion = 1;
	classes = {
	};
	objectVersion = 56;
	objects = {

/* Begin PBXBuildFile section */
		9EB3867C2AF3DA9D006D4894 /* UIViewControllerRepresentableView.swift in Sources */ = {isa = PBXBuildFile; fileRef = 9EB3867B2AF3DA9D006D4894 /* UIViewControllerRepresentableView.swift */; };
		9EB3867E2AF3DD64006D4894 /* TextView.swift in Sources */ = {isa = PBXBuildFile; fileRef = 9EB3867D2AF3DD64006D4894 /* TextView.swift */; };
		9EB386802AF3E13E006D4894 /* TableView.swift in Sources */ = {isa = PBXBuildFile; fileRef = 9EB3867F2AF3E13E006D4894 /* TableView.swift */; };
		9EB386832AF3E35E006D4894 /* TableViewCell.swift in Sources */ = {isa = PBXBuildFile; fileRef = 9EB386812AF3E35E006D4894 /* TableViewCell.swift */; };
		9EBDD3BB2AE7FA1800D81410 /* UIViewRepresentableApp.swift in Sources */ = {isa = PBXBuildFile; fileRef = 9EBDD3BA2AE7FA1800D81410 /* UIViewRepresentableApp.swift */; };
		9EBDD3BD2AE7FA1800D81410 /* ContentView.swift in Sources */ = {isa = PBXBuildFile; fileRef = 9EBDD3BC2AE7FA1800D81410 /* ContentView.swift */; };
		9EBDD3BF2AE7FA1A00D81410 /* Assets.xcassets in Resources */ = {isa = PBXBuildFile; fileRef = 9EBDD3BE2AE7FA1A00D81410 /* Assets.xcassets */; };
		9EBDD3C22AE7FA1A00D81410 /* Preview Assets.xcassets in Resources */ = {isa = PBXBuildFile; fileRef = 9EBDD3C12AE7FA1A00D81410 /* Preview Assets.xcassets */; };
		9EBDD3CA2AE7FCDD00D81410 /* UIViewRepresentableView.swift in Sources */ = {isa = PBXBuildFile; fileRef = 9EBDD3C92AE7FCDD00D81410 /* UIViewRepresentableView.swift */; };
/* End PBXBuildFile section */

/* Begin PBXFileReference section */
		9EB3867B2AF3DA9D006D4894 /* UIViewControllerRepresentableView.swift */ = {isa = PBXFileReference; lastKnownFileType = sourcecode.swift; path = UIViewControllerRepresentableView.swift; sourceTree = "<group>"; };
		9EB3867D2AF3DD64006D4894 /* TextView.swift */ = {isa = PBXFileReference; lastKnownFileType = sourcecode.swift; path = TextView.swift; sourceTree = "<group>"; };
		9EB3867F2AF3E13E006D4894 /* TableView.swift */ = {isa = PBXFileReference; lastKnownFileType = sourcecode.swift; path = TableView.swift; sourceTree = "<group>"; };
		9EB386812AF3E35E006D4894 /* TableViewCell.swift */ = {isa = PBXFileReference; lastKnownFileType = sourcecode.swift; path = TableViewCell.swift; sourceTree = "<group>"; };
		9EBDD3B72AE7FA1800D81410 /* UIViewRepresentable.app */ = {isa = PBXFileReference; explicitFileType = wrapper.application; includeInIndex = 0; path = UIViewRepresentable.app; sourceTree = BUILT_PRODUCTS_DIR; };
		9EBDD3BA2AE7FA1800D81410 /* UIViewRepresentableApp.swift */ = {isa = PBXFileReference; lastKnownFileType = sourcecode.swift; path = UIViewRepresentableApp.swift; sourceTree = "<group>"; };
		9EBDD3BC2AE7FA1800D81410 /* ContentView.swift */ = {isa = PBXFileReference; lastKnownFileType = sourcecode.swift; path = ContentView.swift; sourceTree = "<group>"; };
		9EBDD3BE2AE7FA1A00D81410 /* Assets.xcassets */ = {isa = PBXFileReference; lastKnownFileType = folder.assetcatalog; path = Assets.xcassets; sourceTree = "<group>"; };
		9EBDD3C12AE7FA1A00D81410 /* Preview Assets.xcassets */ = {isa = PBXFileReference; lastKnownFileType = folder.assetcatalog; path = "Preview Assets.xcassets"; sourceTree = "<group>"; };
		9EBDD3C92AE7FCDD00D81410 /* UIViewRepresentableView.swift */ = {isa = PBXFileReference; lastKnownFileType = sourcecode.swift; path = UIViewRepresentableView.swift; sourceTree = "<group>"; };
/* End PBXFileReference section */

/* Begin PBXFrameworksBuildPhase section */
		9EBDD3B42AE7FA1800D81410 /* Frameworks */ = {
			isa = PBXFrameworksBuildPhase;
			buildActionMask = 2147483647;
			files = (
			);
			runOnlyForDeploymentPostprocessing = 0;
		};
/* End PBXFrameworksBuildPhase section */

/* Begin PBXGroup section */
		9EB386792AF3DA0C006D4894 /* UIViewRepresentable */ = {
			isa = PBXGroup;
			children = (
				9EBDD3C92AE7FCDD00D81410 /* UIViewRepresentableView.swift */,
				9EB3867D2AF3DD64006D4894 /* TextView.swift */,
			);
			path = UIViewRepresentable;
			sourceTree = "<group>";
		};
		9EB3867A2AF3DA18006D4894 /* UIVCRepresentable */ = {
			isa = PBXGroup;
			children = (
				9EB3867B2AF3DA9D006D4894 /* UIViewControllerRepresentableView.swift */,
				9EB3867F2AF3E13E006D4894 /* TableView.swift */,
				9EB386812AF3E35E006D4894 /* TableViewCell.swift */,
			);
			path = UIVCRepresentable;
			sourceTree = "<group>";
		};
		9EBDD3AE2AE7FA1800D81410 = {
			isa = PBXGroup;
			children = (
				9EBDD3B92AE7FA1800D81410 /* UIViewRepresentable */,
				9EBDD3B82AE7FA1800D81410 /* Products */,
			);
			sourceTree = "<group>";
		};
		9EBDD3B82AE7FA1800D81410 /* Products */ = {
			isa = PBXGroup;
			children = (
				9EBDD3B72AE7FA1800D81410 /* UIViewRepresentable.app */,
			);
			name = Products;
			sourceTree = "<group>";
		};
		9EBDD3B92AE7FA1800D81410 /* UIViewRepresentable */ = {
			isa = PBXGroup;
			children = (
				9EBDD3BA2AE7FA1800D81410 /* UIViewRepresentableApp.swift */,
				9EBDD3BC2AE7FA1800D81410 /* ContentView.swift */,
				9EB386792AF3DA0C006D4894 /* UIViewRepresentable */,
				9EB3867A2AF3DA18006D4894 /* UIVCRepresentable */,
				9EBDD3BE2AE7FA1A00D81410 /* Assets.xcassets */,
				9EBDD3C02AE7FA1A00D81410 /* Preview Content */,
			);
			path = UIViewRepresentable;
			sourceTree = "<group>";
		};
		9EBDD3C02AE7FA1A00D81410 /* Preview Content */ = {
			isa = PBXGroup;
			children = (
				9EBDD3C12AE7FA1A00D81410 /* Preview Assets.xcassets */,
			);
			path = "Preview Content";
			sourceTree = "<group>";
		};
/* End PBXGroup section */

/* Begin PBXNativeTarget section */
		9EBDD3B62AE7FA1800D81410 /* UIViewRepresentable */ = {
			isa = PBXNativeTarget;
			buildConfigurationList = 9EBDD3C52AE7FA1A00D81410 /* Build configuration list for PBXNativeTarget "UIViewRepresentable" */;
			buildPhases = (
				9EBDD3B32AE7FA1800D81410 /* Sources */,
				9EBDD3B42AE7FA1800D81410 /* Frameworks */,
				9EBDD3B52AE7FA1800D81410 /* Resources */,
			);
			buildRules = (
			);
			dependencies = (
			);
			name = UIViewRepresentable;
			productName = UIViewRepresentable;
			productReference = 9EBDD3B72AE7FA1800D81410 /* UIViewRepresentable.app */;
			productType = "com.apple.product-type.application";
		};
/* End PBXNativeTarget section */

/* Begin PBXProject section */
		9EBDD3AF2AE7FA1800D81410 /* Project object */ = {
			isa = PBXProject;
			attributes = {
				BuildIndependentTargetsInParallel = 1;
				LastSwiftUpdateCheck = 1500;
				LastUpgradeCheck = 1500;
				TargetAttributes = {
					9EBDD3B62AE7FA1800D81410 = {
						CreatedOnToolsVersion = 15.0;
					};
				};
			};
			buildConfigurationList = 9EBDD3B22AE7FA1800D81410 /* Build configuration list for PBXProject "UIViewRepresentable" */;
			compatibilityVersion = "Xcode 14.0";
			developmentRegion = en;
			hasScannedForEncodings = 0;
			knownRegions = (
				en,
				Base,
			);
			mainGroup = 9EBDD3AE2AE7FA1800D81410;
			productRefGroup = 9EBDD3B82AE7FA1800D81410 /* Products */;
			projectDirPath = "";
			projectRoot = "";
			targets = (
				9EBDD3B62AE7FA1800D81410 /* UIViewRepresentable */,
			);
		};
/* End PBXProject section */

/* Begin PBXResourcesBuildPhase section */
		9EBDD3B52AE7FA1800D81410 /* Resources */ = {
			isa = PBXResourcesBuildPhase;
			buildActionMask = 2147483647;
			files = (
				9EBDD3C22AE7FA1A00D81410 /* Preview Assets.xcassets in Resources */,
				9EBDD3BF2AE7FA1A00D81410 /* Assets.xcassets in Resources */,
			);
			runOnlyForDeploymentPostprocessing = 0;
		};
/* End PBXResourcesBuildPhase section */

/* Begin PBXSourcesBuildPhase section */
		9EBDD3B32AE7FA1800D81410 /* Sources */ = {
			isa = PBXSourcesBuildPhase;
			buildActionMask = 2147483647;
			files = (
				9EBDD3CA2AE7FCDD00D81410 /* UIViewRepresentableView.swift in Sources */,
				9EB386802AF3E13E006D4894 /* TableView.swift in Sources */,
				9EBDD3BD2AE7FA1800D81410 /* ContentView.swift in Sources */,
				9EB3867C2AF3DA9D006D4894 /* UIViewControllerRepresentableView.swift in Sources */,
				9EBDD3BB2AE7FA1800D81410 /* UIViewRepresentableApp.swift in Sources */,
				9EB386832AF3E35E006D4894 /* TableViewCell.swift in Sources */,
				9EB3867E2AF3DD64006D4894 /* TextView.swift in Sources */,
			);
			runOnlyForDeploymentPostprocessing = 0;
		};
/* End PBXSourcesBuildPhase section */

/* Begin XCBuildConfiguration section */
		9EBDD3C32AE7FA1A00D81410 /* Debug */ = {
			isa = XCBuildConfiguration;
			buildSettings = {
				ALWAYS_SEARCH_USER_PATHS = NO;
				ASSETCATALOG_COMPILER_GENERATE_SWIFT_ASSET_SYMBOL_EXTENSIONS = YES;
				CLANG_ANALYZER_NONNULL = YES;
				CLANG_ANALYZER_NUMBER_OBJECT_CONVERSION = YES_AGGRESSIVE;
				CLANG_CXX_LANGUAGE_STANDARD = "gnu++20";
				CLANG_ENABLE_MODULES = YES;
				CLANG_ENABLE_OBJC_ARC = YES;
				CLANG_ENABLE_OBJC_WEAK = YES;
				CLANG_WARN_BLOCK_CAPTURE_AUTORELEASING = YES;
				CLANG_WARN_BOOL_CONVERSION = YES;
				CLANG_WARN_COMMA = YES;
				CLANG_WARN_CONSTANT_CONVERSION = YES;
				CLANG_WARN_DEPRECATED_OBJC_IMPLEMENTATIONS = YES;
				CLANG_WARN_DIRECT_OBJC_ISA_USAGE = YES_ERROR;
				CLANG_WARN_DOCUMENTATION_COMMENTS = YES;
				CLANG_WARN_EMPTY_BODY = YES;
				CLANG_WARN_ENUM_CONVERSION = YES;
				CLANG_WARN_INFINITE_RECURSION = YES;
				CLANG_WARN_INT_CONVERSION = YES;
				CLANG_WARN_NON_LITERAL_NULL_CONVERSION = YES;
				CLANG_WARN_OBJC_IMPLICIT_RETAIN_SELF = YES;
				CLANG_WARN_OBJC_LITERAL_CONVERSION = YES;
				CLANG_WARN_OBJC_ROOT_CLASS = YES_ERROR;
				CLANG_WARN_QUOTED_INCLUDE_IN_FRAMEWORK_HEADER = YES;
				CLANG_WARN_RANGE_LOOP_ANALYSIS = YES;
				CLANG_WARN_STRICT_PROTOTYPES = YES;
				CLANG_WARN_SUSPICIOUS_MOVE = YES;
				CLANG_WARN_UNGUARDED_AVAILABILITY = YES_AGGRESSIVE;
				CLANG_WARN_UNREACHABLE_CODE = YES;
				CLANG_WARN__DUPLICATE_METHOD_MATCH = YES;
				COPY_PHASE_STRIP = NO;
				DEBUG_INFORMATION_FORMAT = dwarf;
				ENABLE_STRICT_OBJC_MSGSEND = YES;
				ENABLE_TESTABILITY = YES;
				ENABLE_USER_SCRIPT_SANDBOXING = YES;
				GCC_C_LANGUAGE_STANDARD = gnu17;
				GCC_DYNAMIC_NO_PIC = NO;
				GCC_NO_COMMON_BLOCKS = YES;
				GCC_OPTIMIZATION_LEVEL = 0;
				GCC_PREPROCESSOR_DEFINITIONS = (
					"DEBUG=1",
					"$(inherited)",
				);
				GCC_WARN_64_TO_32_BIT_CONVERSION = YES;
				GCC_WARN_ABOUT_RETURN_TYPE = YES_ERROR;
				GCC_WARN_UNDECLARED_SELECTOR = YES;
				GCC_WARN_UNINITIALIZED_AUTOS = YES_AGGRESSIVE;
				GCC_WARN_UNUSED_FUNCTION = YES;
				GCC_WARN_UNUSED_VARIABLE = YES;
				IPHONEOS_DEPLOYMENT_TARGET = 17.0;
				LOCALIZATION_PREFERS_STRING_CATALOGS = YES;
				MTL_ENABLE_DEBUG_INFO = INCLUDE_SOURCE;
				MTL_FAST_MATH = YES;
				ONLY_ACTIVE_ARCH = YES;
				SDKROOT = iphoneos;
				SWIFT_ACTIVE_COMPILATION_CONDITIONS = "DEBUG $(inherited)";
				SWIFT_OPTIMIZATION_LEVEL = "-Onone";
			};
			name = Debug;
		};
		9EBDD3C42AE7FA1A00D81410 /* Release */ = {
			isa = XCBuildConfiguration;
			buildSettings = {
				ALWAYS_SEARCH_USER_PATHS = NO;
				ASSETCATALOG_COMPILER_GENERATE_SWIFT_ASSET_SYMBOL_EXTENSIONS = YES;
				CLANG_ANALYZER_NONNULL = YES;
				CLANG_ANALYZER_NUMBER_OBJECT_CONVERSION = YES_AGGRESSIVE;
				CLANG_CXX_LANGUAGE_STANDARD = "gnu++20";
				CLANG_ENABLE_MODULES = YES;
				CLANG_ENABLE_OBJC_ARC = YES;
				CLANG_ENABLE_OBJC_WEAK = YES;
				CLANG_WARN_BLOCK_CAPTURE_AUTORELEASING = YES;
				CLANG_WARN_BOOL_CONVERSION = YES;
				CLANG_WARN_COMMA = YES;
				CLANG_WARN_CONSTANT_CONVERSION = YES;
				CLANG_WARN_DEPRECATED_OBJC_IMPLEMENTATIONS = YES;
				CLANG_WARN_DIRECT_OBJC_ISA_USAGE = YES_ERROR;
				CLANG_WARN_DOCUMENTATION_COMMENTS = YES;
				CLANG_WARN_EMPTY_BODY = YES;
				CLANG_WARN_ENUM_CONVERSION = YES;
				CLANG_WARN_INFINITE_RECURSION = YES;
				CLANG_WARN_INT_CONVERSION = YES;
				CLANG_WARN_NON_LITERAL_NULL_CONVERSION = YES;
				CLANG_WARN_OBJC_IMPLICIT_RETAIN_SELF = YES;
				CLANG_WARN_OBJC_LITERAL_CONVERSION = YES;
				CLANG_WARN_OBJC_ROOT_CLASS = YES_ERROR;
				CLANG_WARN_QUOTED_INCLUDE_IN_FRAMEWORK_HEADER = YES;
				CLANG_WARN_RANGE_LOOP_ANALYSIS = YES;
				CLANG_WARN_STRICT_PROTOTYPES = YES;
				CLANG_WARN_SUSPICIOUS_MOVE = YES;
				CLANG_WARN_UNGUARDED_AVAILABILITY = YES_AGGRESSIVE;
				CLANG_WARN_UNREACHABLE_CODE = YES;
				CLANG_WARN__DUPLICATE_METHOD_MATCH = YES;
				COPY_PHASE_STRIP = NO;
				DEBUG_INFORMATION_FORMAT = "dwarf-with-dsym";
				ENABLE_NS_ASSERTIONS = NO;
				ENABLE_STRICT_OBJC_MSGSEND = YES;
				ENABLE_USER_SCRIPT_SANDBOXING = YES;
				GCC_C_LANGUAGE_STANDARD = gnu17;
				GCC_NO_COMMON_BLOCKS = YES;
				GCC_WARN_64_TO_32_BIT_CONVERSION = YES;
				GCC_WARN_ABOUT_RETURN_TYPE = YES_ERROR;
				GCC_WARN_UNDECLARED_SELECTOR = YES;
				GCC_WARN_UNINITIALIZED_AUTOS = YES_AGGRESSIVE;
				GCC_WARN_UNUSED_FUNCTION = YES;
				GCC_WARN_UNUSED_VARIABLE = YES;
				IPHONEOS_DEPLOYMENT_TARGET = 17.0;
				LOCALIZATION_PREFERS_STRING_CATALOGS = YES;
				MTL_ENABLE_DEBUG_INFO = NO;
				MTL_FAST_MATH = YES;
				SDKROOT = iphoneos;
				SWIFT_COMPILATION_MODE = wholemodule;
				VALIDATE_PRODUCT = YES;
			};
			name = Release;
		};
		9EBDD3C62AE7FA1A00D81410 /* Debug */ = {
			isa = XCBuildConfiguration;
			buildSettings = {
				ASSETCATALOG_COMPILER_APPICON_NAME = AppIcon;
				ASSETCATALOG_COMPILER_GLOBAL_ACCENT_COLOR_NAME = AccentColor;
				CODE_SIGN_STYLE = Automatic;
				CURRENT_PROJECT_VERSION = 1;
				DEVELOPMENT_ASSET_PATHS = "\"UIViewRepresentable/Preview Content\"";
				DEVELOPMENT_TEAM = 4DQM269FVB;
				ENABLE_PREVIEWS = YES;
				GENERATE_INFOPLIST_FILE = YES;
				INFOPLIST_KEY_UIApplicationSceneManifest_Generation = YES;
				INFOPLIST_KEY_UIApplicationSupportsIndirectInputEvents = YES;
				INFOPLIST_KEY_UILaunchScreen_Generation = YES;
				INFOPLIST_KEY_UISupportedInterfaceOrientations_iPad = "UIInterfaceOrientationPortrait UIInterfaceOrientationPortraitUpsideDown UIInterfaceOrientationLandscapeLeft UIInterfaceOrientationLandscapeRight";
				INFOPLIST_KEY_UISupportedInterfaceOrientations_iPhone = "UIInterfaceOrientationPortrait UIInterfaceOrientationLandscapeLeft UIInterfaceOrientationLandscapeRight";
				LD_RUNPATH_SEARCH_PATHS = (
					"$(inherited)",
					"@executable_path/Frameworks",
				);
				MARKETING_VERSION = 1.0;
				PRODUCT_BUNDLE_IDENTIFIER = "com.kunwoo-kim.UIViewRepresentable";
				PRODUCT_NAME = "$(TARGET_NAME)";
				SWIFT_EMIT_LOC_STRINGS = YES;
				SWIFT_VERSION = 5.0;
				TARGETED_DEVICE_FAMILY = "1,2";
			};
			name = Debug;
		};
		9EBDD3C72AE7FA1A00D81410 /* Release */ = {
			isa = XCBuildConfiguration;
			buildSettings = {
				ASSETCATALOG_COMPILER_APPICON_NAME = AppIcon;
				ASSETCATALOG_COMPILER_GLOBAL_ACCENT_COLOR_NAME = AccentColor;
				CODE_SIGN_STYLE = Automatic;
				CURRENT_PROJECT_VERSION = 1;
				DEVELOPMENT_ASSET_PATHS = "\"UIViewRepresentable/Preview Content\"";
				DEVELOPMENT_TEAM = 4DQM269FVB;
				ENABLE_PREVIEWS = YES;
				GENERATE_INFOPLIST_FILE = YES;
				INFOPLIST_KEY_UIApplicationSceneManifest_Generation = YES;
				INFOPLIST_KEY_UIApplicationSupportsIndirectInputEvents = YES;
				INFOPLIST_KEY_UILaunchScreen_Generation = YES;
				INFOPLIST_KEY_UISupportedInterfaceOrientations_iPad = "UIInterfaceOrientationPortrait UIInterfaceOrientationPortraitUpsideDown UIInterfaceOrientationLandscapeLeft UIInterfaceOrientationLandscapeRight";
				INFOPLIST_KEY_UISupportedInterfaceOrientations_iPhone = "UIInterfaceOrientationPortrait UIInterfaceOrientationLandscapeLeft UIInterfaceOrientationLandscapeRight";
				LD_RUNPATH_SEARCH_PATHS = (
					"$(inherited)",
					"@executable_path/Frameworks",
				);
				MARKETING_VERSION = 1.0;
				PRODUCT_BUNDLE_IDENTIFIER = "com.kunwoo-kim.UIViewRepresentable";
				PRODUCT_NAME = "$(TARGET_NAME)";
				SWIFT_EMIT_LOC_STRINGS = YES;
				SWIFT_VERSION = 5.0;
				TARGETED_DEVICE_FAMILY = "1,2";
			};
			name = Release;
		};
/* End XCBuildConfiguration section */

/* Begin XCConfigurationList section */
		9EBDD3B22AE7FA1800D81410 /* Build configuration list for PBXProject "UIViewRepresentable" */ = {
			isa = XCConfigurationList;
			buildConfigurations = (
				9EBDD3C32AE7FA1A00D81410 /* Debug */,
				9EBDD3C42AE7FA1A00D81410 /* Release */,
			);
			defaultConfigurationIsVisible = 0;
			defaultConfigurationName = Release;
		};
		9EBDD3C52AE7FA1A00D81410 /* Build configuration list for PBXNativeTarget "UIViewRepresentable" */ = {
			isa = XCConfigurationList;
			buildConfigurations = (
				9EBDD3C62AE7FA1A00D81410 /* Debug */,
				9EBDD3C72AE7FA1A00D81410 /* Release */,
			);
			defaultConfigurationIsVisible = 0;
			defaultConfigurationName = Release;
		};
/* End XCConfigurationList section */
	};
	rootObject = 9EBDD3AF2AE7FA1800D81410 /* Project object */;
}
